dependencies:
- name: logs
  repository: ""
  version: 1.0.0
- name: traces
  repository: ""
  version: 1.0.0
- name: traces-instr
  repository: ""
  version: 1.0.0
- name: kube-prometheus-stack
  repository: https://prometheus-community.github.io/helm-charts
  version: 67.9.0
- name: prometheus-redis-exporter
  repository: https://prometheus-community.github.io/helm-charts
  version: 6.9.0
digest: sha256:80b9cbc0380ee12d12fa85785881b45daf874847d23bd0612f2d209cb86bd35e
generated: "2025-01-08T04:06:48.446682815-08:00"
