dependencies:
- name: minio
  repository: https://charts.bitnami.com/bitnami
  version: 14.10.3
- name: redis
  repository: https://charts.bitnami.com/bitnami
  version: 20.6.3
- name: postgresql
  repository: https://charts.bitnami.com/bitnami
  version: 16.4.3
digest: sha256:17d2dacf1f2e5cd555b8e2cb0086f7393adb4dab79dadcaa97e862b31b2e5dff
generated: "2025-01-16T10:32:31.759656995+01:00"
