dependencies:
- name: minio
  repository: https://charts.bitnami.com/bitnami
  version: 14.10.3
- name: redis
  repository: https://charts.bitnami.com/bitnami
  version: 21.2.1
- name: postgresql
  repository: https://charts.bitnami.com/bitnami
  version: 16.4.3
digest: sha256:64549b223cab7565b2a7a895e11cb757cce0d55b4264fe298982116f2a3b1bb3
generated: "2025-06-09T07:12:57.003886692Z"
